# THIS IS AN AUTOGENERATED FILE. DO NOT EDIT THIS FILE DIRECTLY.
# yarn lockfile v1


"@cspotcode/source-map-support@^0.8.0":
  version "0.8.1"
  resolved "https://registry.npmjs.org/@cspotcode/source-map-support/-/source-map-support-0.8.1.tgz"
  integrity sha512-IchNf6dN4tHoMFIn/7OE8LWZ19Y6q/67Bmf6vnGREv8RSbBVb9LPJxEcnwrcwX6ixSvaiGoomAUvu4YSxXrVgw==
  dependencies:
    "@jridgewell/trace-mapping" "0.3.9"

"@hapi/accept@^6.0.1":
  version "6.0.3"
  resolved "https://registry.yarnpkg.com/@hapi/accept/-/accept-6.0.3.tgz#eef0800a4f89cd969da8e5d0311dc877c37279ab"
  integrity sha512-p72f9k56EuF0n3MwlBNThyVE5PXX40g+aQh+C/xbKrfzahM2Oispv3AXmOIU51t3j77zay1qrX7IIziZXspMlw==
  dependencies:
    "@hapi/boom" "^10.0.1"
    "@hapi/hoek" "^11.0.2"

"@hapi/ammo@^6.0.1":
  version "6.0.1"
  resolved "https://registry.yarnpkg.com/@hapi/ammo/-/ammo-6.0.1.tgz#1bc9f7102724ff288ca03b721854fc5393ad123a"
  integrity sha512-pmL+nPod4g58kXrMcsGLp05O2jF4P2Q3GiL8qYV7nKYEh3cGf+rV4P5Jyi2Uq0agGhVU63GtaSAfBEZOlrJn9w==
  dependencies:
    "@hapi/hoek" "^11.0.2"

"@hapi/b64@^6.0.1":
  version "6.0.1"
  resolved "https://registry.yarnpkg.com/@hapi/b64/-/b64-6.0.1.tgz#786b47dc070e14465af49e2428c1025bd06ed3df"
  integrity sha512-ZvjX4JQReUmBheeCq+S9YavcnMMHWqx3S0jHNXWIM1kQDxB9cyfSycpVvjfrKcIS8Mh5N3hmu/YKo4Iag9g2Kw==
  dependencies:
    "@hapi/hoek" "^11.0.2"

"@hapi/boom@^10.0.0", "@hapi/boom@^10.0.1":
  version "10.0.1"
  resolved "https://registry.yarnpkg.com/@hapi/boom/-/boom-10.0.1.tgz#ebb14688275ae150aa6af788dbe482e6a6062685"
  integrity sha512-ERcCZaEjdH3OgSJlyjVk8pHIFeus91CjKP3v+MpgBNp5IvGzP2l/bRiD78nqYcKPaZdbKkK5vDBVPd2ohHBlsA==
  dependencies:
    "@hapi/hoek" "^11.0.2"

"@hapi/bounce@^3.0.1":
  version "3.0.1"
  resolved "https://registry.yarnpkg.com/@hapi/bounce/-/bounce-3.0.1.tgz#25a51bf95733749c557c6bf948048bffa66435e4"
  integrity sha512-G+/Pp9c1Ha4FDP+3Sy/Xwg2O4Ahaw3lIZFSX+BL4uWi64CmiETuZPxhKDUD4xBMOUZbBlzvO8HjiK8ePnhBadA==
  dependencies:
    "@hapi/boom" "^10.0.1"
    "@hapi/hoek" "^11.0.2"

"@hapi/bourne@^3.0.0":
  version "3.0.0"
  resolved "https://registry.yarnpkg.com/@hapi/bourne/-/bourne-3.0.0.tgz#f11fdf7dda62fe8e336fa7c6642d9041f30356d7"
  integrity sha512-Waj1cwPXJDucOib4a3bAISsKJVb15MKi9IvmTI/7ssVEm6sywXGjVJDhl6/umt1pK1ZS7PacXU3A1PmFKHEZ2w==

"@hapi/call@^9.0.1":
  version "9.0.1"
  resolved "https://registry.yarnpkg.com/@hapi/call/-/call-9.0.1.tgz#569b87d5b67abf0e58fb82a3894a61aaed3ca92e"
  integrity sha512-uPojQRqEL1GRZR4xXPqcLMujQGaEpyVPRyBlD8Pp5rqgIwLhtveF9PkixiKru2THXvuN8mUrLeet5fqxKAAMGg==
  dependencies:
    "@hapi/boom" "^10.0.1"
    "@hapi/hoek" "^11.0.2"

"@hapi/catbox-memory@^6.0.1":
  version "6.0.1"
  resolved "https://registry.yarnpkg.com/@hapi/catbox-memory/-/catbox-memory-6.0.1.tgz#8f6b04c0cf2ce25da470324df360bd4e8d68b6ec"
  integrity sha512-sVb+/ZxbZIvaMtJfAbdyY+QJUQg9oKTwamXpEg/5xnfG5WbJLTjvEn4kIGKz9pN3ENNbIL/bIdctmHmqi/AdGA==
  dependencies:
    "@hapi/boom" "^10.0.1"
    "@hapi/hoek" "^11.0.2"

"@hapi/catbox@^12.1.1":
  version "12.1.1"
  resolved "https://registry.yarnpkg.com/@hapi/catbox/-/catbox-12.1.1.tgz#9339dca0a5b18b3ca0a825ac5dfc916dbc5bab83"
  integrity sha512-hDqYB1J+R0HtZg4iPH3LEnldoaBsar6bYp0EonBmNQ9t5CO+1CqgCul2ZtFveW1ReA5SQuze9GPSU7/aecERhw==
  dependencies:
    "@hapi/boom" "^10.0.1"
    "@hapi/hoek" "^11.0.2"
    "@hapi/podium" "^5.0.0"
    "@hapi/validate" "^2.0.1"

"@hapi/content@^6.0.0":
  version "6.0.0"
  resolved "https://registry.yarnpkg.com/@hapi/content/-/content-6.0.0.tgz#2427af3bac8a2f743512fce2a70cbdc365af29df"
  integrity sha512-CEhs7j+H0iQffKfe5Htdak5LBOz/Qc8TRh51cF+BFv0qnuph3Em4pjGVzJMkI2gfTDdlJKWJISGWS1rK34POGA==
  dependencies:
    "@hapi/boom" "^10.0.0"

"@hapi/cryptiles@^6.0.1":
  version "6.0.1"
  resolved "https://registry.yarnpkg.com/@hapi/cryptiles/-/cryptiles-6.0.1.tgz#7868a9d4233567ed66f0a9caf85fdcc56e980621"
  integrity sha512-9GM9ECEHfR8lk5ASOKG4+4ZsEzFqLfhiryIJ2ISePVB92OHLp/yne4m+zn7z9dgvM98TLpiFebjDFQ0UHcqxXQ==
  dependencies:
    "@hapi/boom" "^10.0.1"

"@hapi/file@^3.0.0":
  version "3.0.0"
  resolved "https://registry.yarnpkg.com/@hapi/file/-/file-3.0.0.tgz#f1fd824493ac89a6fceaf89c824afc5ae2121c09"
  integrity sha512-w+lKW+yRrLhJu620jT3y+5g2mHqnKfepreykvdOcl9/6up8GrQQn+l3FRTsjHTKbkbfQFkuksHpdv2EcpKcJ4Q==

"@hapi/hapi@^21.3.9":
  version "21.3.9"
  resolved "https://registry.yarnpkg.com/@hapi/hapi/-/hapi-21.3.9.tgz#953220abe26d12a7cbd308a57e434dedf0278cb3"
  integrity sha512-AT5m+Rb8iSOFG3zWaiEuTJazf4HDYl5UpRpyxMJ3yR+g8tOEmqDv6FmXrLHShdvDOStAAepHGnr1G7egkFSRdw==
  dependencies:
    "@hapi/accept" "^6.0.1"
    "@hapi/ammo" "^6.0.1"
    "@hapi/boom" "^10.0.1"
    "@hapi/bounce" "^3.0.1"
    "@hapi/call" "^9.0.1"
    "@hapi/catbox" "^12.1.1"
    "@hapi/catbox-memory" "^6.0.1"
    "@hapi/heavy" "^8.0.1"
    "@hapi/hoek" "^11.0.2"
    "@hapi/mimos" "^7.0.1"
    "@hapi/podium" "^5.0.1"
    "@hapi/shot" "^6.0.1"
    "@hapi/somever" "^4.1.1"
    "@hapi/statehood" "^8.1.1"
    "@hapi/subtext" "^8.1.0"
    "@hapi/teamwork" "^6.0.0"
    "@hapi/topo" "^6.0.1"
    "@hapi/validate" "^2.0.1"

"@hapi/heavy@^8.0.1":
  version "8.0.1"
  resolved "https://registry.yarnpkg.com/@hapi/heavy/-/heavy-8.0.1.tgz#e2be4a6a249005b5a587f7604aafa8ed02461fb6"
  integrity sha512-gBD/NANosNCOp6RsYTsjo2vhr5eYA3BEuogk6cxY0QdhllkkTaJFYtTXv46xd6qhBVMbMMqcSdtqey+UQU3//w==
  dependencies:
    "@hapi/boom" "^10.0.1"
    "@hapi/hoek" "^11.0.2"
    "@hapi/validate" "^2.0.1"

"@hapi/hoek@^11.0.2":
  version "11.0.4"
  resolved "https://registry.yarnpkg.com/@hapi/hoek/-/hoek-11.0.4.tgz#42a7f244fd3dd777792bfb74b8c6340ae9182f37"
  integrity sha512-PnsP5d4q7289pS2T2EgGz147BFJ2Jpb4yrEdkpz2IhgEUzos1S7HTl7ezWh1yfYzYlj89KzLdCRkqsP6SIryeQ==

"@hapi/hoek@^9.0.0", "@hapi/hoek@^9.3.0":
  version "9.3.0"
  resolved "https://registry.yarnpkg.com/@hapi/hoek/-/hoek-9.3.0.tgz#8368869dcb735be2e7f5cb7647de78e167a251fb"
  integrity sha512-/c6rf4UJlmHlC9b5BaNvzAcFv7HZ2QHaV0D4/HNlBdvFnvQq8RI4kYdhyPCl7Xj+oWvTWQ8ujhqS53LIgAe6KQ==

"@hapi/iron@^7.0.1":
  version "7.0.1"
  resolved "https://registry.yarnpkg.com/@hapi/iron/-/iron-7.0.1.tgz#f74bace8dad9340c7c012c27c078504f070f14b5"
  integrity sha512-tEZnrOujKpS6jLKliyWBl3A9PaE+ppuL/+gkbyPPDb/l2KSKQyH4lhMkVb+sBhwN+qaxxlig01JRqB8dk/mPxQ==
  dependencies:
    "@hapi/b64" "^6.0.1"
    "@hapi/boom" "^10.0.1"
    "@hapi/bourne" "^3.0.0"
    "@hapi/cryptiles" "^6.0.1"
    "@hapi/hoek" "^11.0.2"

"@hapi/mimos@^7.0.1":
  version "7.0.1"
  resolved "https://registry.yarnpkg.com/@hapi/mimos/-/mimos-7.0.1.tgz#5b65c76bb9da28ba34b0092215891f2c72bc899d"
  integrity sha512-b79V+BrG0gJ9zcRx1VGcCI6r6GEzzZUgiGEJVoq5gwzuB2Ig9Cax8dUuBauQCFKvl2YWSWyOc8mZ8HDaJOtkew==
  dependencies:
    "@hapi/hoek" "^11.0.2"
    mime-db "^1.52.0"

"@hapi/nigel@^5.0.1":
  version "5.0.1"
  resolved "https://registry.yarnpkg.com/@hapi/nigel/-/nigel-5.0.1.tgz#a6dfe357e9d48d944e2ffc552bd95cb701d79ee9"
  integrity sha512-uv3dtYuB4IsNaha+tigWmN8mQw/O9Qzl5U26Gm4ZcJVtDdB1AVJOwX3X5wOX+A07qzpEZnOMBAm8jjSqGsU6Nw==
  dependencies:
    "@hapi/hoek" "^11.0.2"
    "@hapi/vise" "^5.0.1"

"@hapi/pez@^6.1.0":
  version "6.1.0"
  resolved "https://registry.yarnpkg.com/@hapi/pez/-/pez-6.1.0.tgz#64d9f95580fc7d8f1d13437ee4a8676709954fda"
  integrity sha512-+FE3sFPYuXCpuVeHQ/Qag1b45clR2o54QoonE/gKHv9gukxQ8oJJZPR7o3/ydDTK6racnCJXxOyT1T93FCJMIg==
  dependencies:
    "@hapi/b64" "^6.0.1"
    "@hapi/boom" "^10.0.1"
    "@hapi/content" "^6.0.0"
    "@hapi/hoek" "^11.0.2"
    "@hapi/nigel" "^5.0.1"

"@hapi/podium@^5.0.0", "@hapi/podium@^5.0.1":
  version "5.0.1"
  resolved "https://registry.yarnpkg.com/@hapi/podium/-/podium-5.0.1.tgz#f292b4c0ca3118747394a102c6c3340bda96662f"
  integrity sha512-eznFTw6rdBhAijXFIlBOMJJd+lXTvqbrBIS4Iu80r2KTVIo4g+7fLy4NKp/8+UnSt5Ox6mJtAlKBU/Sf5080TQ==
  dependencies:
    "@hapi/hoek" "^11.0.2"
    "@hapi/teamwork" "^6.0.0"
    "@hapi/validate" "^2.0.1"

"@hapi/shot@^6.0.1":
  version "6.0.1"
  resolved "https://registry.yarnpkg.com/@hapi/shot/-/shot-6.0.1.tgz#ea84d1810b7c8599d5517c23b4ec55a529d7dc16"
  integrity sha512-s5ynMKZXYoDd3dqPw5YTvOR/vjHvMTxc388+0qL0jZZP1+uwXuUD32o9DuuuLsmTlyXCWi02BJl1pBpwRuUrNA==
  dependencies:
    "@hapi/hoek" "^11.0.2"
    "@hapi/validate" "^2.0.1"

"@hapi/somever@^4.1.1":
  version "4.1.1"
  resolved "https://registry.yarnpkg.com/@hapi/somever/-/somever-4.1.1.tgz#b492c78408303c72cd1a39c5060f35d18a404b27"
  integrity sha512-lt3QQiDDOVRatS0ionFDNrDIv4eXz58IibQaZQDOg4DqqdNme8oa0iPWcE0+hkq/KTeBCPtEOjDOBKBKwDumVg==
  dependencies:
    "@hapi/bounce" "^3.0.1"
    "@hapi/hoek" "^11.0.2"

"@hapi/statehood@^8.1.1":
  version "8.1.1"
  resolved "https://registry.yarnpkg.com/@hapi/statehood/-/statehood-8.1.1.tgz#db4bd14c90810a1389763cb0b0b8f221aa4179c1"
  integrity sha512-YbK7PSVUA59NArAW5Np0tKRoIZ5VNYUicOk7uJmWZF6XyH5gGL+k62w77SIJb0AoAJ0QdGQMCQ/WOGL1S3Ydow==
  dependencies:
    "@hapi/boom" "^10.0.1"
    "@hapi/bounce" "^3.0.1"
    "@hapi/bourne" "^3.0.0"
    "@hapi/cryptiles" "^6.0.1"
    "@hapi/hoek" "^11.0.2"
    "@hapi/iron" "^7.0.1"
    "@hapi/validate" "^2.0.1"

"@hapi/subtext@^8.1.0":
  version "8.1.0"
  resolved "https://registry.yarnpkg.com/@hapi/subtext/-/subtext-8.1.0.tgz#58733020a6655bc4d978df9e2f75e31696ff3f91"
  integrity sha512-PyaN4oSMtqPjjVxLny1k0iYg4+fwGusIhaom9B2StinBclHs7v46mIW706Y+Wo21lcgulGyXbQrmT/w4dus6ww==
  dependencies:
    "@hapi/boom" "^10.0.1"
    "@hapi/bourne" "^3.0.0"
    "@hapi/content" "^6.0.0"
    "@hapi/file" "^3.0.0"
    "@hapi/hoek" "^11.0.2"
    "@hapi/pez" "^6.1.0"
    "@hapi/wreck" "^18.0.1"

"@hapi/teamwork@^6.0.0":
  version "6.0.0"
  resolved "https://registry.yarnpkg.com/@hapi/teamwork/-/teamwork-6.0.0.tgz#b3a173cf811ba59fc6ee22318a1b51f4561f06e0"
  integrity sha512-05HumSy3LWfXpmJ9cr6HzwhAavrHkJ1ZRCmNE2qJMihdM5YcWreWPfyN0yKT2ZjCM92au3ZkuodjBxOibxM67A==

"@hapi/topo@^5.1.0":
  version "5.1.0"
  resolved "https://registry.yarnpkg.com/@hapi/topo/-/topo-5.1.0.tgz#dc448e332c6c6e37a4dc02fd84ba8d44b9afb012"
  integrity sha512-foQZKJig7Ob0BMAYBfcJk8d77QtOe7Wo4ox7ff1lQYoNNAb6jwcY1ncdoy2e9wQZzvNy7ODZCYJkK8kzmcAnAg==
  dependencies:
    "@hapi/hoek" "^9.0.0"

"@hapi/topo@^6.0.1":
  version "6.0.2"
  resolved "https://registry.yarnpkg.com/@hapi/topo/-/topo-6.0.2.tgz#f219c1c60da8430228af4c1f2e40c32a0d84bbb4"
  integrity sha512-KR3rD5inZbGMrHmgPxsJ9dbi6zEK+C3ZwUwTa+eMwWLz7oijWUTWD2pMSNNYJAU6Qq+65NkxXjqHr/7LM2Xkqg==
  dependencies:
    "@hapi/hoek" "^11.0.2"

"@hapi/validate@^2.0.1":
  version "2.0.1"
  resolved "https://registry.yarnpkg.com/@hapi/validate/-/validate-2.0.1.tgz#45cf228c4c8cfc61ba2da7e0a5ba93ff3b9afff1"
  integrity sha512-NZmXRnrSLK8MQ9y/CMqE9WSspgB9xA41/LlYR0k967aSZebWr4yNrpxIbov12ICwKy4APSlWXZga9jN5p6puPA==
  dependencies:
    "@hapi/hoek" "^11.0.2"
    "@hapi/topo" "^6.0.1"

"@hapi/vise@^5.0.1":
  version "5.0.1"
  resolved "https://registry.yarnpkg.com/@hapi/vise/-/vise-5.0.1.tgz#5c9f16bcf1c039ddd4b6cad5f32d71eeb6bb7dac"
  integrity sha512-XZYWzzRtINQLedPYlIkSkUr7m5Ddwlu99V9elh8CSygXstfv3UnWIXT0QD+wmR0VAG34d2Vx3olqcEhRRoTu9A==
  dependencies:
    "@hapi/hoek" "^11.0.2"

"@hapi/wreck@^18.0.1":
  version "18.1.0"
  resolved "https://registry.yarnpkg.com/@hapi/wreck/-/wreck-18.1.0.tgz#68e631fc7568ebefc6252d5b86cb804466c8dbe6"
  integrity sha512-0z6ZRCmFEfV/MQqkQomJ7sl/hyxvcZM7LtuVqN3vdAO4vM9eBbowl0kaqQj9EJJQab+3Uuh1GxbGIBFy4NfJ4w==
  dependencies:
    "@hapi/boom" "^10.0.1"
    "@hapi/bourne" "^3.0.0"
    "@hapi/hoek" "^11.0.2"

"@jridgewell/resolve-uri@^3.0.3":
  version "3.1.2"
  resolved "https://registry.npmjs.org/@jridgewell/resolve-uri/-/resolve-uri-3.1.2.tgz"
  integrity sha512-bRISgCIjP20/tbWSPWMEi54QVPRZExkuD9lJL+UIxUKtwVJA8wW1Trb1jMs1RFXo1CBTNZ/5hpC9QvmKWdopKw==

"@jridgewell/sourcemap-codec@^1.4.10":
  version "1.4.15"
  resolved "https://registry.npmjs.org/@jridgewell/sourcemap-codec/-/sourcemap-codec-1.4.15.tgz"
  integrity sha512-eF2rxCRulEKXHTRiDrDy6erMYWqNw4LPdQ8UQA4huuxaQsVeRPFl2oM8oDGxMFhJUWZf9McpLtJasDDZb/Bpeg==

"@jridgewell/trace-mapping@0.3.9":
  version "0.3.9"
  resolved "https://registry.npmjs.org/@jridgewell/trace-mapping/-/trace-mapping-0.3.9.tgz"
  integrity sha512-3Belt6tdc8bPgAtbcmdtNJlirVoTmEb5e2gC94PnkwEW9jI6CAHUeoG85tjWP5WquqfavoMtMwiG4P926ZKKuQ==
  dependencies:
    "@jridgewell/resolve-uri" "^3.0.3"
    "@jridgewell/sourcemap-codec" "^1.4.10"

"@sideway/address@^4.1.5":
  version "4.1.5"
  resolved "https://registry.yarnpkg.com/@sideway/address/-/address-4.1.5.tgz#4bc149a0076623ced99ca8208ba780d65a99b9d5"
  integrity sha512-IqO/DUQHUkPeixNQ8n0JA6102hT9CmaljNTPmQ1u8MEhBo/R4Q8eKLN/vGZxuebwOroDB4cbpjheD4+/sKFK4Q==
  dependencies:
    "@hapi/hoek" "^9.0.0"

"@sideway/formula@^3.0.1":
  version "3.0.1"
  resolved "https://registry.yarnpkg.com/@sideway/formula/-/formula-3.0.1.tgz#80fcbcbaf7ce031e0ef2dd29b1bfc7c3f583611f"
  integrity sha512-/poHZJJVjx3L+zVD6g9KgHfYnb443oi7wLu/XKojDviHy6HOEOA6z1Trk5aR1dGcmPenJEgb2sK2I80LeS3MIg==

"@sideway/pinpoint@^2.0.0":
  version "2.0.0"
  resolved "https://registry.yarnpkg.com/@sideway/pinpoint/-/pinpoint-2.0.0.tgz#cff8ffadc372ad29fd3f78277aeb29e632cc70df"
  integrity sha512-RNiOoTPkptFtSVzQevY/yWtZwf/RxyVnPy/OcA9HBM3MlGDnBEYL5B41H0MTn0Uec8Hi+2qUtTfG2WWZBmMejQ==

"@tsconfig/node10@^1.0.7":
  version "1.0.11"
  resolved "https://registry.npmjs.org/@tsconfig/node10/-/node10-1.0.11.tgz"
  integrity sha512-DcRjDCujK/kCk/cUe8Xz8ZSpm8mS3mNNpta+jGCA6USEDfktlNvm1+IuZ9eTcDbNk41BHwpHHeW+N1lKCz4zOw==

"@tsconfig/node12@^1.0.7":
  version "1.0.11"
  resolved "https://registry.npmjs.org/@tsconfig/node12/-/node12-1.0.11.tgz"
  integrity sha512-cqefuRsh12pWyGsIoBKJA9luFu3mRxCA+ORZvA4ktLSzIuCUtWVxGIuXigEwO5/ywWFMZ2QEGKWvkZG1zDMTag==

"@tsconfig/node14@^1.0.0":
  version "1.0.3"
  resolved "https://registry.npmjs.org/@tsconfig/node14/-/node14-1.0.3.tgz"
  integrity sha512-ysT8mhdixWK6Hw3i1V2AeRqZ5WfXg1G43mqoYlM2nc6388Fq5jcXyr5mRsqViLx/GJYdoL0bfXD8nmF+Zn/Iow==

"@tsconfig/node16@^1.0.2":
  version "1.0.4"
  resolved "https://registry.npmjs.org/@tsconfig/node16/-/node16-1.0.4.tgz"
  integrity sha512-vxhUy4J8lyeyinH7Azl1pdd43GJhZH/tP2weN8TntQblOY+A0XbT8DJk1/oCPuOOyg/Ja757rG0CgHcWC8OfMA==

"@types/boom@*":
  version "7.3.5"
  resolved "https://registry.yarnpkg.com/@types/boom/-/boom-7.3.5.tgz#b87dfad50d693a86b2f745efae7cf43d0af673ce"
  integrity sha512-jBS0kU2s9W2sx+ILEyO4kxqIYLllqcUXTaVrBctvGptZ+4X3TWkkgY9+AmxdMPKrgiDDdLcfsaQCTu7bniLvgw==

"@types/catbox@*":
  version "10.0.9"
  resolved "https://registry.yarnpkg.com/@types/catbox/-/catbox-10.0.9.tgz#7564e279bd7ad4654d3adaa112f5e90f6911d805"
  integrity sha512-4qXm1SmZurBMNFc/536+7gfbOlN43fWyoo4O0bdLqtpDK/cpuCYnEDou0Cl4naaMwuJ19rEwnuscR7tetGnTDA==

"@types/hapi@^18.0.14":
  version "18.0.14"
  resolved "https://registry.yarnpkg.com/@types/hapi/-/hapi-18.0.14.tgz#18beb3a23a8d17a8fbd4d9d682d296a1c0eecd1f"
  integrity sha512-/AlCHpOTzHOX7WYGlQAhL75Ca5gsm0S6X7mkW6RWW06e4Eot6xPm76qGXPHagVrpfs8qTKJdysJah/Uhtr8ojw==
  dependencies:
    "@types/boom" "*"
    "@types/catbox" "*"
    "@types/iron" "*"
    "@types/mimos" "*"
    "@types/node" "*"
    "@types/podium" "*"
    "@types/shot" "*"
    joi "^17.3.0"

"@types/iron@*":
  version "5.0.5"
  resolved "https://registry.yarnpkg.com/@types/iron/-/iron-5.0.5.tgz#8f9944341e599ddf1afea6023a37b4368f8d81d3"
  integrity sha512-ndu2RvRJ5LWsSVF0kBMJe9qnNcFcAO9eYwzr2P4FOU6m5ypRrbdiX+d8x4GNG7lIn1mKShyQf3M08CIX4wPsEA==
  dependencies:
    "@types/node" "*"

"@types/mime-db@*":
  version "1.43.5"
  resolved "https://registry.yarnpkg.com/@types/mime-db/-/mime-db-1.43.5.tgz#7a3f53dc2125a91f4e0e41f1353f60f8b6af609e"
  integrity sha512-/bfTiIUTNPUBnwnYvUxXAre5MhD88jgagLEQiQtIASjU+bwxd8kS/ASDA4a8ufd8m0Lheu6eeMJHEUpLHoJ28A==

"@types/mimos@*":
  version "3.0.6"
  resolved "https://registry.yarnpkg.com/@types/mimos/-/mimos-3.0.6.tgz#fc0911e34b8524baedc7334d464e57971cd09a7f"
  integrity sha512-pQlYu/Q1e5F5lyu7ATW4J2cyPOfjhRHZgAepZlKBbHqqAjshteHtNLqBXgx7KV5GjXjPLXWUvbzWaGwmVFPaYA==
  dependencies:
    "@types/mime-db" "*"

"@types/node@*", "@types/node@^20.12.7":
  version "20.12.7"
  resolved "https://registry.npmjs.org/@types/node/-/node-20.12.7.tgz"
  integrity sha512-wq0cICSkRLVaf3UGLMGItu/PtdY7oaXaI/RVU+xliKVOtRna3PRY57ZDfztpDL0n11vfymMUnXv8QwYCO7L1wg==
  dependencies:
    undici-types "~5.26.4"

"@types/podium@*":
  version "1.0.4"
  resolved "https://registry.yarnpkg.com/@types/podium/-/podium-1.0.4.tgz#ed464334563f766b0bbbe9442421fc325eb9ccfe"
  integrity sha512-HuG5/hRHs9PxuXXlNFXPy7mHMnBD6Z4riED2SFGwjs+RcszJUkxLgYHQpoiDpYrhLv7sHk9WDyswybD6aNYkig==

"@types/shot@*":
  version "4.0.5"
  resolved "https://registry.yarnpkg.com/@types/shot/-/shot-4.0.5.tgz#462dc5d061de8a245e60ff7eccea4fd982a2b463"
  integrity sha512-4wiGdy1sXfpcFgF1VAouUaSl6zjWn0v2NarNgviAJYm3BeiODywERnRtIC5YtNIbfh3UfShfCRD9yyeWAD7R0w==
  dependencies:
    "@types/node" "*"

acorn-walk@^8.1.1:
  version "8.3.2"
  resolved "https://registry.npmjs.org/acorn-walk/-/acorn-walk-8.3.2.tgz"
  integrity sha512-cjkyv4OtNCIeqhHrfS81QWXoCBPExR/J62oyEqepVw8WaQeSqpW2uhuLPh1m9eWhDuOo/jUXVTlifvesOWp/4A==

acorn@^8.4.1:
  version "8.11.3"
  resolved "https://registry.npmjs.org/acorn/-/acorn-8.11.3.tgz"
  integrity sha512-Y9rRfJG5jcKOE0CLisYbojUjIrIEE7AGMzA/Sm4BslANhbS+cDMpgBdcPT91oJ7OuJ9hYJBx59RjbhxVnrF8Xg==

arg@^4.1.0:
  version "4.1.3"
  resolved "https://registry.npmjs.org/arg/-/arg-4.1.3.tgz"
  integrity sha512-58S9QDqG0Xx27YwPSt9fJxivjYl432YCwfDMfZ+71RAqUrZef7LrKQZ3LHLOwCS4FLNBplP533Zx895SeOCHvA==

create-require@^1.1.0:
  version "1.1.1"
  resolved "https://registry.npmjs.org/create-require/-/create-require-1.1.1.tgz"
  integrity sha512-dcKFX3jn0MpIaXjisoRvexIJVEKzaq7z2rZKxf+MSr9TkdmHmsU4m2lcLojrj/FHl8mk5VxMmYA+ftRkP/3oKQ==

diff@^4.0.1:
  version "4.0.2"
  resolved "https://registry.npmjs.org/diff/-/diff-4.0.2.tgz"
  integrity sha512-58lmxKSA4BNyLz+HHMUzlOEpg09FV+ev6ZMe3vJihgdxzgcwZ8VoEEPmALCZG9LmqfVoNMMKpttIYTVG6uDY7A==

joi@^17.3.0:
  version "17.13.0"
  resolved "https://registry.yarnpkg.com/joi/-/joi-17.13.0.tgz#b6f340b8029ee7af2397f821d17a4f03bf34b043"
  integrity sha512-9qcrTyoBmFZRNHeVP4edKqIUEgFzq7MHvTNSDuHSqkpOPtiBkgNgcmTSqmiw1kw9tdKaiddvIDv/eCJDxmqWCA==
  dependencies:
    "@hapi/hoek" "^9.3.0"
    "@hapi/topo" "^5.1.0"
    "@sideway/address" "^4.1.5"
    "@sideway/formula" "^3.0.1"
    "@sideway/pinpoint" "^2.0.0"

make-error@^1.1.1:
  version "1.3.6"
  resolved "https://registry.npmjs.org/make-error/-/make-error-1.3.6.tgz"
  integrity sha512-s8UhlNe7vPKomQhC1qFelMokr/Sc3AgNbso3n74mVPA5LTZwkB9NlXf4XPamLxJE8h0gh73rM94xvwRT2CVInw==

mime-db@^1.52.0:
  version "1.52.0"
  resolved "https://registry.yarnpkg.com/mime-db/-/mime-db-1.52.0.tgz#bbabcdc02859f4987301c856e3387ce5ec43bf70"
  integrity sha512-sPU4uV7dYlvtWJxwwxHD0PuihVNiE7TyAbQ5SWxDCB9mUYvOgroQOwYQQOKPJ8CIbE+1ETVlOoK1UC2nU3gYvg==

ts-node@^10.9.2:
  version "10.9.2"
  resolved "https://registry.yarnpkg.com/ts-node/-/ts-node-10.9.2.tgz#70f021c9e185bccdca820e26dc413805c101c71f"
  integrity sha512-f0FFpIdcHgn8zcPSbf1dRevwt047YMnaiJM3u2w2RewrB+fob/zePZcrOyQoLMMO7aBIddLcQIEK5dYjkLnGrQ==
  dependencies:
    "@cspotcode/source-map-support" "^0.8.0"
    "@tsconfig/node10" "^1.0.7"
    "@tsconfig/node12" "^1.0.7"
    "@tsconfig/node14" "^1.0.0"
    "@tsconfig/node16" "^1.0.2"
    acorn "^8.4.1"
    acorn-walk "^8.1.1"
    arg "^4.1.0"
    create-require "^1.1.0"
    diff "^4.0.1"
    make-error "^1.1.1"
    v8-compile-cache-lib "^3.0.1"
    yn "3.1.1"

tslib@^2.6.2:
  version "2.6.2"
  resolved "https://registry.npmjs.org/tslib/-/tslib-2.6.2.tgz"
  integrity sha512-AEYxH93jGFPn/a2iVAwW87VuUIkR1FVUKB77NwMF7nBTDkDrrT/Hpt/IrCJ0QXhW27jTBDcf5ZY7w6RiqTMw2Q==

typescript@^5.4.5:
  version "5.4.5"
  resolved "https://registry.npmjs.org/typescript/-/typescript-5.4.5.tgz"
  integrity sha512-vcI4UpRgg81oIRUFwR0WSIHKt11nJ7SAVlYNIu+QpqeyXP+gpQJy/Z4+F0aGxSE4MqwjyXvW/TzgkLAx2AGHwQ==

undici-types@~5.26.4:
  version "5.26.5"
  resolved "https://registry.npmjs.org/undici-types/-/undici-types-5.26.5.tgz"
  integrity sha512-JlCMO+ehdEIKqlFxk6IfVoAUVmgz7cU7zD/h9XZ0qzeosSHmUJVOzSQvvYSYWXkFXC+IfLKSIffhv0sVZup6pA==

v8-compile-cache-lib@^3.0.1:
  version "3.0.1"
  resolved "https://registry.npmjs.org/v8-compile-cache-lib/-/v8-compile-cache-lib-3.0.1.tgz"
  integrity sha512-wa7YjyUGfNZngI/vtK0UHAN+lgDCxBPCylVXGp0zu59Fz5aiGtNXaq3DhIov063MorB+VfufLh3JlF2KdTK3xg==

yn@3.1.1:
  version "3.1.1"
  resolved "https://registry.npmjs.org/yn/-/yn-3.1.1.tgz"
  integrity sha512-Ux4ygGWsu2c7isFWe8Yu1YluJmqVhxqK2cLXNQA5AcC3QfbGNpM7fu0Y8b/z16pXLnFxZYvWhd3fhBY9DLmC6Q==
